
Microsoft Visual Studio Solution File, Format Version 12.00
# Visual Studio Version 17
Project("{8BC9CEB8-8B4A-11D0-8D11-00A0C91BC942}") = "ALL_BUILD", "ALL_BUILD.vcxproj", "{B5177119-C093-37D0-A3D8-599B08BE0BB6}"
	ProjectSection(ProjectDependencies) = postProject
		{C8372650-75E4-3B6D-BC35-8449C6942F58} = {C8372650-75E4-3B6D-BC35-8449C6942F58}
		{51D4E821-3782-3CAD-A0B4-01D7E60D386C} = {51D4E821-3782-3CAD-A0B4-01D7E60D386C}
		{48F83B71-3932-3B19-8584-D0C9F05A9203} = {48F83B71-3932-3B19-8584-D0C9F05A9203}
	EndProjectSection
EndProject
Project("{8BC9CEB8-8B4A-11D0-8D11-00A0C91BC942}") = "INSTALL", "INSTALL.vcxproj", "{242C07DB-5765-33A8-8328-1F7DCF98192D}"
	ProjectSection(ProjectDependencies) = postProject
		{B5177119-C093-37D0-A3D8-599B08BE0BB6} = {B5177119-C093-37D0-A3D8-599B08BE0BB6}
		{C8372650-75E4-3B6D-BC35-8449C6942F58} = {C8372650-75E4-3B6D-BC35-8449C6942F58}
	EndProjectSection
EndProject
Project("{8BC9CEB8-8B4A-11D0-8D11-00A0C91BC942}") = "ZERO_CHECK", "ZERO_CHECK.vcxproj", "{C8372650-75E4-3B6D-BC35-8449C6942F58}"
	ProjectSection(ProjectDependencies) = postProject
	EndProjectSection
EndProject
Project("{8BC9CEB8-8B4A-11D0-8D11-00A0C91BC942}") = "all_qmllint", "all_qmllint.vcxproj", "{68404838-B264-3043-A742-1801C09EC31B}"
	ProjectSection(ProjectDependencies) = postProject
		{C8372650-75E4-3B6D-BC35-8449C6942F58} = {C8372650-75E4-3B6D-BC35-8449C6942F58}
		{98616BBE-1AFA-3506-B9A7-7EE9C9CCCFE7} = {98616BBE-1AFA-3506-B9A7-7EE9C9CCCFE7}
	EndProjectSection
EndProject
Project("{8BC9CEB8-8B4A-11D0-8D11-00A0C91BC942}") = "all_qmltyperegistrations", "all_qmltyperegistrations.vcxproj", "{A463B9E0-C1BC-332F-9BC9-2232C4D73243}"
	ProjectSection(ProjectDependencies) = postProject
		{C8372650-75E4-3B6D-BC35-8449C6942F58} = {C8372650-75E4-3B6D-BC35-8449C6942F58}
		{AABD262C-962F-39A7-92CB-1F5893A6C72D} = {AABD262C-962F-39A7-92CB-1F5893A6C72D}
	EndProjectSection
EndProject
Project("{8BC9CEB8-8B4A-11D0-8D11-00A0C91BC942}") = "appTapHandler", "appTapHandler.vcxproj", "{51D4E821-3782-3CAD-A0B4-01D7E60D386C}"
	ProjectSection(ProjectDependencies) = postProject
		{C8372650-75E4-3B6D-BC35-8449C6942F58} = {C8372650-75E4-3B6D-BC35-8449C6942F58}
		{45ED667F-6EF2-3174-B023-DDD1D5A78E75} = {45ED667F-6EF2-3174-B023-DDD1D5A78E75}
		{363D9034-2049-37C6-87AE-FC9101BB0945} = {363D9034-2049-37C6-87AE-FC9101BB0945}
		{48F83B71-3932-3B19-8584-D0C9F05A9203} = {48F83B71-3932-3B19-8584-D0C9F05A9203}
	EndProjectSection
EndProject
Project("{8BC9CEB8-8B4A-11D0-8D11-00A0C91BC942}") = "appTapHandler_autogen", "appTapHandler_autogen.vcxproj", "{45ED667F-6EF2-3174-B023-DDD1D5A78E75}"
	ProjectSection(ProjectDependencies) = postProject
		{C8372650-75E4-3B6D-BC35-8449C6942F58} = {C8372650-75E4-3B6D-BC35-8449C6942F58}
		{48F83B71-3932-3B19-8584-D0C9F05A9203} = {48F83B71-3932-3B19-8584-D0C9F05A9203}
	EndProjectSection
EndProject
Project("{8BC9CEB8-8B4A-11D0-8D11-00A0C91BC942}") = "appTapHandler_automoc_json_extraction", "appTapHandler_automoc_json_extraction.vcxproj", "{363D9034-2049-37C6-87AE-FC9101BB0945}"
	ProjectSection(ProjectDependencies) = postProject
		{C8372650-75E4-3B6D-BC35-8449C6942F58} = {C8372650-75E4-3B6D-BC35-8449C6942F58}
		{45ED667F-6EF2-3174-B023-DDD1D5A78E75} = {45ED667F-6EF2-3174-B023-DDD1D5A78E75}
	EndProjectSection
EndProject
Project("{8BC9CEB8-8B4A-11D0-8D11-00A0C91BC942}") = "appTapHandler_other_files", "appTapHandler_other_files.vcxproj", "{2BBD8DB5-DA02-3BDC-AF12-C0DAAE0538D7}"
	ProjectSection(ProjectDependencies) = postProject
		{C8372650-75E4-3B6D-BC35-8449C6942F58} = {C8372650-75E4-3B6D-BC35-8449C6942F58}
	EndProjectSection
EndProject
Project("{8BC9CEB8-8B4A-11D0-8D11-00A0C91BC942}") = "appTapHandler_qmllint", "appTapHandler_qmllint.vcxproj", "{98616BBE-1AFA-3506-B9A7-7EE9C9CCCFE7}"
	ProjectSection(ProjectDependencies) = postProject
		{C8372650-75E4-3B6D-BC35-8449C6942F58} = {C8372650-75E4-3B6D-BC35-8449C6942F58}
		{A463B9E0-C1BC-332F-9BC9-2232C4D73243} = {A463B9E0-C1BC-332F-9BC9-2232C4D73243}
	EndProjectSection
EndProject
Project("{8BC9CEB8-8B4A-11D0-8D11-00A0C91BC942}") = "appTapHandler_qmltyperegistration", "appTapHandler_qmltyperegistration.vcxproj", "{AABD262C-962F-39A7-92CB-1F5893A6C72D}"
	ProjectSection(ProjectDependencies) = postProject
		{C8372650-75E4-3B6D-BC35-8449C6942F58} = {C8372650-75E4-3B6D-BC35-8449C6942F58}
		{363D9034-2049-37C6-87AE-FC9101BB0945} = {363D9034-2049-37C6-87AE-FC9101BB0945}
	EndProjectSection
EndProject
Project("{8BC9CEB8-8B4A-11D0-8D11-00A0C91BC942}") = "appTapHandler_tooling", "appTapHandler_tooling.vcxproj", "{48F83B71-3932-3B19-8584-D0C9F05A9203}"
	ProjectSection(ProjectDependencies) = postProject
		{C8372650-75E4-3B6D-BC35-8449C6942F58} = {C8372650-75E4-3B6D-BC35-8449C6942F58}
	EndProjectSection
EndProject
Global
	GlobalSection(SolutionConfigurationPlatforms) = preSolution
		Debug|x64 = Debug|x64
		Release|x64 = Release|x64
		MinSizeRel|x64 = MinSizeRel|x64
		RelWithDebInfo|x64 = RelWithDebInfo|x64
	EndGlobalSection
	GlobalSection(ProjectConfigurationPlatforms) = postSolution
		{B5177119-C093-37D0-A3D8-599B08BE0BB6}.Debug|x64.ActiveCfg = Debug|x64
		{B5177119-C093-37D0-A3D8-599B08BE0BB6}.Debug|x64.Build.0 = Debug|x64
		{B5177119-C093-37D0-A3D8-599B08BE0BB6}.Release|x64.ActiveCfg = Release|x64
		{B5177119-C093-37D0-A3D8-599B08BE0BB6}.Release|x64.Build.0 = Release|x64
		{B5177119-C093-37D0-A3D8-599B08BE0BB6}.MinSizeRel|x64.ActiveCfg = MinSizeRel|x64
		{B5177119-C093-37D0-A3D8-599B08BE0BB6}.MinSizeRel|x64.Build.0 = MinSizeRel|x64
		{B5177119-C093-37D0-A3D8-599B08BE0BB6}.RelWithDebInfo|x64.ActiveCfg = RelWithDebInfo|x64
		{B5177119-C093-37D0-A3D8-599B08BE0BB6}.RelWithDebInfo|x64.Build.0 = RelWithDebInfo|x64
		{242C07DB-5765-33A8-8328-1F7DCF98192D}.Debug|x64.ActiveCfg = Debug|x64
		{242C07DB-5765-33A8-8328-1F7DCF98192D}.Release|x64.ActiveCfg = Release|x64
		{242C07DB-5765-33A8-8328-1F7DCF98192D}.MinSizeRel|x64.ActiveCfg = MinSizeRel|x64
		{242C07DB-5765-33A8-8328-1F7DCF98192D}.RelWithDebInfo|x64.ActiveCfg = RelWithDebInfo|x64
		{C8372650-75E4-3B6D-BC35-8449C6942F58}.Debug|x64.ActiveCfg = Debug|x64
		{C8372650-75E4-3B6D-BC35-8449C6942F58}.Debug|x64.Build.0 = Debug|x64
		{C8372650-75E4-3B6D-BC35-8449C6942F58}.Release|x64.ActiveCfg = Release|x64
		{C8372650-75E4-3B6D-BC35-8449C6942F58}.Release|x64.Build.0 = Release|x64
		{C8372650-75E4-3B6D-BC35-8449C6942F58}.MinSizeRel|x64.ActiveCfg = MinSizeRel|x64
		{C8372650-75E4-3B6D-BC35-8449C6942F58}.MinSizeRel|x64.Build.0 = MinSizeRel|x64
		{C8372650-75E4-3B6D-BC35-8449C6942F58}.RelWithDebInfo|x64.ActiveCfg = RelWithDebInfo|x64
		{C8372650-75E4-3B6D-BC35-8449C6942F58}.RelWithDebInfo|x64.Build.0 = RelWithDebInfo|x64
		{68404838-B264-3043-A742-1801C09EC31B}.Debug|x64.ActiveCfg = Debug|x64
		{68404838-B264-3043-A742-1801C09EC31B}.Release|x64.ActiveCfg = Release|x64
		{68404838-B264-3043-A742-1801C09EC31B}.MinSizeRel|x64.ActiveCfg = MinSizeRel|x64
		{68404838-B264-3043-A742-1801C09EC31B}.RelWithDebInfo|x64.ActiveCfg = RelWithDebInfo|x64
		{A463B9E0-C1BC-332F-9BC9-2232C4D73243}.Debug|x64.ActiveCfg = Debug|x64
		{A463B9E0-C1BC-332F-9BC9-2232C4D73243}.Debug|x64.Build.0 = Debug|x64
		{A463B9E0-C1BC-332F-9BC9-2232C4D73243}.Release|x64.ActiveCfg = Release|x64
		{A463B9E0-C1BC-332F-9BC9-2232C4D73243}.Release|x64.Build.0 = Release|x64
		{A463B9E0-C1BC-332F-9BC9-2232C4D73243}.MinSizeRel|x64.ActiveCfg = MinSizeRel|x64
		{A463B9E0-C1BC-332F-9BC9-2232C4D73243}.MinSizeRel|x64.Build.0 = MinSizeRel|x64
		{A463B9E0-C1BC-332F-9BC9-2232C4D73243}.RelWithDebInfo|x64.ActiveCfg = RelWithDebInfo|x64
		{A463B9E0-C1BC-332F-9BC9-2232C4D73243}.RelWithDebInfo|x64.Build.0 = RelWithDebInfo|x64
		{51D4E821-3782-3CAD-A0B4-01D7E60D386C}.Debug|x64.ActiveCfg = Debug|x64
		{51D4E821-3782-3CAD-A0B4-01D7E60D386C}.Debug|x64.Build.0 = Debug|x64
		{51D4E821-3782-3CAD-A0B4-01D7E60D386C}.Release|x64.ActiveCfg = Release|x64
		{51D4E821-3782-3CAD-A0B4-01D7E60D386C}.Release|x64.Build.0 = Release|x64
		{51D4E821-3782-3CAD-A0B4-01D7E60D386C}.MinSizeRel|x64.ActiveCfg = MinSizeRel|x64
		{51D4E821-3782-3CAD-A0B4-01D7E60D386C}.MinSizeRel|x64.Build.0 = MinSizeRel|x64
		{51D4E821-3782-3CAD-A0B4-01D7E60D386C}.RelWithDebInfo|x64.ActiveCfg = RelWithDebInfo|x64
		{51D4E821-3782-3CAD-A0B4-01D7E60D386C}.RelWithDebInfo|x64.Build.0 = RelWithDebInfo|x64
		{45ED667F-6EF2-3174-B023-DDD1D5A78E75}.Debug|x64.ActiveCfg = Debug|x64
		{45ED667F-6EF2-3174-B023-DDD1D5A78E75}.Debug|x64.Build.0 = Debug|x64
		{45ED667F-6EF2-3174-B023-DDD1D5A78E75}.Release|x64.ActiveCfg = Release|x64
		{45ED667F-6EF2-3174-B023-DDD1D5A78E75}.Release|x64.Build.0 = Release|x64
		{45ED667F-6EF2-3174-B023-DDD1D5A78E75}.MinSizeRel|x64.ActiveCfg = MinSizeRel|x64
		{45ED667F-6EF2-3174-B023-DDD1D5A78E75}.MinSizeRel|x64.Build.0 = MinSizeRel|x64
		{45ED667F-6EF2-3174-B023-DDD1D5A78E75}.RelWithDebInfo|x64.ActiveCfg = RelWithDebInfo|x64
		{45ED667F-6EF2-3174-B023-DDD1D5A78E75}.RelWithDebInfo|x64.Build.0 = RelWithDebInfo|x64
		{363D9034-2049-37C6-87AE-FC9101BB0945}.Debug|x64.ActiveCfg = Debug|x64
		{363D9034-2049-37C6-87AE-FC9101BB0945}.Debug|x64.Build.0 = Debug|x64
		{363D9034-2049-37C6-87AE-FC9101BB0945}.Release|x64.ActiveCfg = Release|x64
		{363D9034-2049-37C6-87AE-FC9101BB0945}.Release|x64.Build.0 = Release|x64
		{363D9034-2049-37C6-87AE-FC9101BB0945}.MinSizeRel|x64.ActiveCfg = MinSizeRel|x64
		{363D9034-2049-37C6-87AE-FC9101BB0945}.MinSizeRel|x64.Build.0 = MinSizeRel|x64
		{363D9034-2049-37C6-87AE-FC9101BB0945}.RelWithDebInfo|x64.ActiveCfg = RelWithDebInfo|x64
		{363D9034-2049-37C6-87AE-FC9101BB0945}.RelWithDebInfo|x64.Build.0 = RelWithDebInfo|x64
		{2BBD8DB5-DA02-3BDC-AF12-C0DAAE0538D7}.Debug|x64.ActiveCfg = Debug|x64
		{2BBD8DB5-DA02-3BDC-AF12-C0DAAE0538D7}.Release|x64.ActiveCfg = Release|x64
		{2BBD8DB5-DA02-3BDC-AF12-C0DAAE0538D7}.MinSizeRel|x64.ActiveCfg = MinSizeRel|x64
		{2BBD8DB5-DA02-3BDC-AF12-C0DAAE0538D7}.RelWithDebInfo|x64.ActiveCfg = RelWithDebInfo|x64
		{98616BBE-1AFA-3506-B9A7-7EE9C9CCCFE7}.Debug|x64.ActiveCfg = Debug|x64
		{98616BBE-1AFA-3506-B9A7-7EE9C9CCCFE7}.Debug|x64.Build.0 = Debug|x64
		{98616BBE-1AFA-3506-B9A7-7EE9C9CCCFE7}.Release|x64.ActiveCfg = Release|x64
		{98616BBE-1AFA-3506-B9A7-7EE9C9CCCFE7}.Release|x64.Build.0 = Release|x64
		{98616BBE-1AFA-3506-B9A7-7EE9C9CCCFE7}.MinSizeRel|x64.ActiveCfg = MinSizeRel|x64
		{98616BBE-1AFA-3506-B9A7-7EE9C9CCCFE7}.MinSizeRel|x64.Build.0 = MinSizeRel|x64
		{98616BBE-1AFA-3506-B9A7-7EE9C9CCCFE7}.RelWithDebInfo|x64.ActiveCfg = RelWithDebInfo|x64
		{98616BBE-1AFA-3506-B9A7-7EE9C9CCCFE7}.RelWithDebInfo|x64.Build.0 = RelWithDebInfo|x64
		{AABD262C-962F-39A7-92CB-1F5893A6C72D}.Debug|x64.ActiveCfg = Debug|x64
		{AABD262C-962F-39A7-92CB-1F5893A6C72D}.Debug|x64.Build.0 = Debug|x64
		{AABD262C-962F-39A7-92CB-1F5893A6C72D}.Release|x64.ActiveCfg = Release|x64
		{AABD262C-962F-39A7-92CB-1F5893A6C72D}.Release|x64.Build.0 = Release|x64
		{AABD262C-962F-39A7-92CB-1F5893A6C72D}.MinSizeRel|x64.ActiveCfg = MinSizeRel|x64
		{AABD262C-962F-39A7-92CB-1F5893A6C72D}.MinSizeRel|x64.Build.0 = MinSizeRel|x64
		{AABD262C-962F-39A7-92CB-1F5893A6C72D}.RelWithDebInfo|x64.ActiveCfg = RelWithDebInfo|x64
		{AABD262C-962F-39A7-92CB-1F5893A6C72D}.RelWithDebInfo|x64.Build.0 = RelWithDebInfo|x64
		{48F83B71-3932-3B19-8584-D0C9F05A9203}.Debug|x64.ActiveCfg = Debug|x64
		{48F83B71-3932-3B19-8584-D0C9F05A9203}.Debug|x64.Build.0 = Debug|x64
		{48F83B71-3932-3B19-8584-D0C9F05A9203}.Release|x64.ActiveCfg = Release|x64
		{48F83B71-3932-3B19-8584-D0C9F05A9203}.Release|x64.Build.0 = Release|x64
		{48F83B71-3932-3B19-8584-D0C9F05A9203}.MinSizeRel|x64.ActiveCfg = MinSizeRel|x64
		{48F83B71-3932-3B19-8584-D0C9F05A9203}.MinSizeRel|x64.Build.0 = MinSizeRel|x64
		{48F83B71-3932-3B19-8584-D0C9F05A9203}.RelWithDebInfo|x64.ActiveCfg = RelWithDebInfo|x64
		{48F83B71-3932-3B19-8584-D0C9F05A9203}.RelWithDebInfo|x64.Build.0 = RelWithDebInfo|x64
	EndGlobalSection
	GlobalSection(ExtensibilityGlobals) = postSolution
		SolutionGuid = {02AD1DCF-8C14-3BCC-AD31-04B571E3E067}
	EndGlobalSection
	GlobalSection(ExtensibilityAddIns) = postSolution
	EndGlobalSection
EndGlobal
